
Microsoft Visual Studio Solution File, Format Version 12.00
# Visual Studio 14
VisualStudioVersion = 14.0.24720.0
MinimumVisualStudioVersion = 10.0.40219.1
Project("{FAE04EC0-301F-11D3-BF4B-00C04F79EFBC}") = "CustomControls", "CustomControls.csproj", "{17C9EDF0-9B44-41E6-8087-C97B046C2025}"
EndProject
Project("{FAE04EC0-301F-11D3-BF4B-00C04F79EFBC}") = "TestWebApp", "..\TestWebApp\TestWebApp.csproj", "{727A55FB-21C8-4554-9482-84837221025E}"
EndProject
Global
	GlobalSection(SolutionConfigurationPlatforms) = preSolution
		Debug|Any CPU = Debug|Any CPU
		Release|Any CPU = Release|Any CPU
	EndGlobalSection
	GlobalSection(ProjectConfigurationPlatforms) = postSolution
		{17C9EDF0-9B44-41E6-8087-C97B046C2025}.Debug|Any CPU.ActiveCfg = Debug|Any CPU
		{17C9EDF0-9B44-41E6-8087-C97B046C2025}.Debug|Any CPU.Build.0 = Debug|Any CPU
		{17C9EDF0-9B44-41E6-8087-C97B046C2025}.Release|Any CPU.ActiveCfg = Release|Any CPU
		{17C9EDF0-9B44-41E6-8087-C97B046C2025}.Release|Any CPU.Build.0 = Release|Any CPU
		{727A55FB-21C8-4554-9482-84837221025E}.Debug|Any CPU.ActiveCfg = Debug|Any CPU
		{727A55FB-21C8-4554-9482-84837221025E}.Debug|Any CPU.Build.0 = Debug|Any CPU
		{727A55FB-21C8-4554-9482-84837221025E}.Release|Any CPU.ActiveCfg = Release|Any CPU
		{727A55FB-21C8-4554-9482-84837221025E}.Release|Any CPU.Build.0 = Release|Any CPU
	EndGlobalSection
	GlobalSection(SolutionProperties) = preSolution
		HideSolutionNode = FALSE
	EndGlobalSection
EndGlobal
